Microsoft Visual Studio Solution File, Format Version 12.00
# Visual Studio Version 17
VisualStudioVersion = 17.5.2.0
MinimumVisualStudioVersion = 10.0.40219.1
Project("{FAE04EC0-301F-11D3-BF4B-00C04F79EFBC}") = "TypeSharp", "TypeSharp.csproj", "{B608364E-3A19-53D3-72F6-8EF1465D5238}"
EndProject
Global
	GlobalSection(SolutionConfigurationPlatforms) = preSolution
		Debug|Any CPU = Debug|Any CPU
		Release|Any CPU = Release|Any CPU
	EndGlobalSection
	GlobalSection(ProjectConfigurationPlatforms) = postSolution
		{B608364E-3A19-53D3-72F6-8EF1465D5238}.Debug|Any CPU.ActiveCfg = Debug|Any CPU
		{B608364E-3A19-53D3-72F6-8EF1465D5238}.Debug|Any CPU.Build.0 = Debug|Any CPU
		{B608364E-3A19-53D3-72F6-8EF1465D5238}.Release|Any CPU.ActiveCfg = Release|Any CPU
		{B608364E-3A19-53D3-72F6-8EF1465D5238}.Release|Any CPU.Build.0 = Release|Any CPU
	EndGlobalSection
	GlobalSection(SolutionProperties) = preSolution
		HideSolutionNode = FALSE
	EndGlobalSection
	GlobalSection(ExtensibilityGlobals) = postSolution
		SolutionGuid = {4E2C23F8-440D-41AB-926B-E8E95EFCCACD}
	EndGlobalSection
EndGlobal
